
Microsoft Visual Studio Solution File, Format Version 12.00
# Visual Studio Version 17
VisualStudioVersion = 17.0.31903.59
MinimumVisualStudioVersion = 10.0.40219.1
Project("{FAE04EC0-301F-11D3-BF4B-00C04F79EFBC}") = "SharedService.SharedKernel", "SharedService.SharedKernel\SharedService.SharedKernel.csproj", "{FC9295BC-8A75-4CED-8A2B-8C2F75BE856A}"
EndProject
Project("{FAE04EC0-301F-11D3-BF4B-00C04F79EFBC}") = "SharedService.Core", "SharedService.Core\SharedService.Core.csproj", "{987F749A-E9F0-4612-825E-10685825A984}"
EndProject
Project("{FAE04EC0-301F-11D3-BF4B-00C04F79EFBC}") = "SharedService.Framework", "SharedService.Framework\SharedService.Framework.csproj", "{1EA8BA15-36B2-4DBB-8DA0-7305C727D5AE}"
EndProject
Project("{2150E333-8FDC-42A3-9474-1A3956D46DE8}") = "Solution Items", "Solution Items", "{02EA681E-C7D8-13C7-8484-4AC65E1B71E8}"
	ProjectSection(SolutionItems) = preProject
		.editorconfig = .editorconfig
		.gitignore = .gitignore
		Directory.Build.props = Directory.Build.props
		Directory.Packages.props = Directory.Packages.props
	EndProjectSection
EndProject
Global
	GlobalSection(SolutionConfigurationPlatforms) = preSolution
		Debug|Any CPU = Debug|Any CPU
		Debug|x64 = Debug|x64
		Debug|x86 = Debug|x86
		Release|Any CPU = Release|Any CPU
		Release|x64 = Release|x64
		Release|x86 = Release|x86
	EndGlobalSection
	GlobalSection(ProjectConfigurationPlatforms) = postSolution
		{FC9295BC-8A75-4CED-8A2B-8C2F75BE856A}.Debug|Any CPU.ActiveCfg = Debug|Any CPU
		{FC9295BC-8A75-4CED-8A2B-8C2F75BE856A}.Debug|Any CPU.Build.0 = Debug|Any CPU
		{FC9295BC-8A75-4CED-8A2B-8C2F75BE856A}.Debug|x64.ActiveCfg = Debug|Any CPU
		{FC9295BC-8A75-4CED-8A2B-8C2F75BE856A}.Debug|x64.Build.0 = Debug|Any CPU
		{FC9295BC-8A75-4CED-8A2B-8C2F75BE856A}.Debug|x86.ActiveCfg = Debug|Any CPU
		{FC9295BC-8A75-4CED-8A2B-8C2F75BE856A}.Debug|x86.Build.0 = Debug|Any CPU
		{FC9295BC-8A75-4CED-8A2B-8C2F75BE856A}.Release|Any CPU.ActiveCfg = Release|Any CPU
		{FC9295BC-8A75-4CED-8A2B-8C2F75BE856A}.Release|Any CPU.Build.0 = Release|Any CPU
		{FC9295BC-8A75-4CED-8A2B-8C2F75BE856A}.Release|x64.ActiveCfg = Release|Any CPU
		{FC9295BC-8A75-4CED-8A2B-8C2F75BE856A}.Release|x64.Build.0 = Release|Any CPU
		{FC9295BC-8A75-4CED-8A2B-8C2F75BE856A}.Release|x86.ActiveCfg = Release|Any CPU
		{FC9295BC-8A75-4CED-8A2B-8C2F75BE856A}.Release|x86.Build.0 = Release|Any CPU
		{987F749A-E9F0-4612-825E-10685825A984}.Debug|Any CPU.ActiveCfg = Debug|Any CPU
		{987F749A-E9F0-4612-825E-10685825A984}.Debug|Any CPU.Build.0 = Debug|Any CPU
		{987F749A-E9F0-4612-825E-10685825A984}.Debug|x64.ActiveCfg = Debug|Any CPU
		{987F749A-E9F0-4612-825E-10685825A984}.Debug|x64.Build.0 = Debug|Any CPU
		{987F749A-E9F0-4612-825E-10685825A984}.Debug|x86.ActiveCfg = Debug|Any CPU
		{987F749A-E9F0-4612-825E-10685825A984}.Debug|x86.Build.0 = Debug|Any CPU
		{987F749A-E9F0-4612-825E-10685825A984}.Release|Any CPU.ActiveCfg = Release|Any CPU
		{987F749A-E9F0-4612-825E-10685825A984}.Release|Any CPU.Build.0 = Release|Any CPU
		{987F749A-E9F0-4612-825E-10685825A984}.Release|x64.ActiveCfg = Release|Any CPU
		{987F749A-E9F0-4612-825E-10685825A984}.Release|x64.Build.0 = Release|Any CPU
		{987F749A-E9F0-4612-825E-10685825A984}.Release|x86.ActiveCfg = Release|Any CPU
		{987F749A-E9F0-4612-825E-10685825A984}.Release|x86.Build.0 = Release|Any CPU
		{1EA8BA15-36B2-4DBB-8DA0-7305C727D5AE}.Debug|Any CPU.ActiveCfg = Debug|Any CPU
		{1EA8BA15-36B2-4DBB-8DA0-7305C727D5AE}.Debug|Any CPU.Build.0 = Debug|Any CPU
		{1EA8BA15-36B2-4DBB-8DA0-7305C727D5AE}.Debug|x64.ActiveCfg = Debug|Any CPU
		{1EA8BA15-36B2-4DBB-8DA0-7305C727D5AE}.Debug|x64.Build.0 = Debug|Any CPU
		{1EA8BA15-36B2-4DBB-8DA0-7305C727D5AE}.Debug|x86.ActiveCfg = Debug|Any CPU
		{1EA8BA15-36B2-4DBB-8DA0-7305C727D5AE}.Debug|x86.Build.0 = Debug|Any CPU
		{1EA8BA15-36B2-4DBB-8DA0-7305C727D5AE}.Release|Any CPU.ActiveCfg = Release|Any CPU
		{1EA8BA15-36B2-4DBB-8DA0-7305C727D5AE}.Release|Any CPU.Build.0 = Release|Any CPU
		{1EA8BA15-36B2-4DBB-8DA0-7305C727D5AE}.Release|x64.ActiveCfg = Release|Any CPU
		{1EA8BA15-36B2-4DBB-8DA0-7305C727D5AE}.Release|x64.Build.0 = Release|Any CPU
		{1EA8BA15-36B2-4DBB-8DA0-7305C727D5AE}.Release|x86.ActiveCfg = Release|Any CPU
		{1EA8BA15-36B2-4DBB-8DA0-7305C727D5AE}.Release|x86.Build.0 = Release|Any CPU
	EndGlobalSection
	GlobalSection(SolutionProperties) = preSolution
		HideSolutionNode = FALSE
	EndGlobalSection
	GlobalSection(ExtensibilityGlobals) = postSolution
		SolutionGuid = {1D019A1B-31A6-4B35-9024-63E6222A02E4}
	EndGlobalSection
EndGlobal
