
Microsoft Visual Studio Solution File, Format Version 12.00
# Visual Studio Version 17
VisualStudioVersion = 17.0.31903.59
MinimumVisualStudioVersion = 10.0.40219.1
Project("{2150E333-8FDC-42A3-9474-1A3956D46DE8}") = "src", "src", "{827E0CD3-B72D-47B6-A68D-7590B98EB39B}"
EndProject
Project("{FAE04EC0-301F-11D3-BF4B-00C04F79EFBC}") = "FileService.Domain", "src\FileService.Domain\FileService.Domain.csproj", "{DAA676B5-7E13-4678-841F-1919BAD58DCF}"
EndProject
Project("{FAE04EC0-301F-11D3-BF4B-00C04F79EFBC}") = "FileService.Core", "src\FileService.Core\FileService.Core.csproj", "{FD73B8B3-5000-4E7C-9524-761CDC6F4BB8}"
EndProject
Project("{FAE04EC0-301F-11D3-BF4B-00C04F79EFBC}") = "FileService.Infrastructure.Postgres", "src\FileService.Infrastructure.Postgres\FileService.Infrastructure.Postgres.csproj", "{9A150B0C-4F75-461C-A0F6-D608E1048042}"
EndProject
Project("{FAE04EC0-301F-11D3-BF4B-00C04F79EFBC}") = "FileService.Infrastructure.S3", "src\FileService.Infrastructure.S3\FileService.Infrastructure.S3.csproj", "{3B36BAD2-C4E6-4668-B0A4-100C8474F2B8}"
EndProject
Project("{FAE04EC0-301F-11D3-BF4B-00C04F79EFBC}") = "FileService.Contracts", "src\FileService.Contracts\FileService.Contracts.csproj", "{93047259-B207-4EF2-A7CA-6F7DA85FA19D}"
EndProject
Project("{FAE04EC0-301F-11D3-BF4B-00C04F79EFBC}") = "FileService.Web", "src\FileService.Web\FileService.Web.csproj", "{337A431C-BAB7-4692-955F-A647188CC19C}"
EndProject
Project("{2150E333-8FDC-42A3-9474-1A3956D46DE8}") = "Solution Items", "Solution Items", "{02EA681E-C7D8-13C7-8484-4AC65E1B71E8}"
	ProjectSection(SolutionItems) = preProject
		.editorconfig = .editorconfig
		..\.env = ..\.env
		Directory.Build.props = Directory.Build.props
		Directory.Packages.props = Directory.Packages.props
		..\docker-compose.yml = ..\docker-compose.yml
		Dockerfile = Dockerfile
	EndProjectSection
EndProject
Project("{2150E333-8FDC-42A3-9474-1A3956D46DE8}") = "tests", "tests", "{FE15B344-0E1E-497E-AA0D-043A67B25107}"
EndProject
Project("{FAE04EC0-301F-11D3-BF4B-00C04F79EFBC}") = "FileService.IntegrationTests", "tests\FileService.IntegrationTests\FileService.IntegrationTests.csproj", "{99A44C8E-BDF6-4D03-9D77-E2322FD4DB2F}"
EndProject
Project("{FAE04EC0-301F-11D3-BF4B-00C04F79EFBC}") = "FileService.Communication", "src\FileService.Communication\FileService.Communication.csproj", "{DF5AE805-658D-4509-BF54-DD7FA06BE7B0}"
EndProject
Global
	GlobalSection(SolutionConfigurationPlatforms) = preSolution
		Debug|Any CPU = Debug|Any CPU
		Debug|x64 = Debug|x64
		Debug|x86 = Debug|x86
		Release|Any CPU = Release|Any CPU
		Release|x64 = Release|x64
		Release|x86 = Release|x86
	EndGlobalSection
	GlobalSection(ProjectConfigurationPlatforms) = postSolution
		{DAA676B5-7E13-4678-841F-1919BAD58DCF}.Debug|Any CPU.ActiveCfg = Debug|Any CPU
		{DAA676B5-7E13-4678-841F-1919BAD58DCF}.Debug|Any CPU.Build.0 = Debug|Any CPU
		{DAA676B5-7E13-4678-841F-1919BAD58DCF}.Debug|x64.ActiveCfg = Debug|Any CPU
		{DAA676B5-7E13-4678-841F-1919BAD58DCF}.Debug|x64.Build.0 = Debug|Any CPU
		{DAA676B5-7E13-4678-841F-1919BAD58DCF}.Debug|x86.ActiveCfg = Debug|Any CPU
		{DAA676B5-7E13-4678-841F-1919BAD58DCF}.Debug|x86.Build.0 = Debug|Any CPU
		{DAA676B5-7E13-4678-841F-1919BAD58DCF}.Release|Any CPU.ActiveCfg = Release|Any CPU
		{DAA676B5-7E13-4678-841F-1919BAD58DCF}.Release|Any CPU.Build.0 = Release|Any CPU
		{DAA676B5-7E13-4678-841F-1919BAD58DCF}.Release|x64.ActiveCfg = Release|Any CPU
		{DAA676B5-7E13-4678-841F-1919BAD58DCF}.Release|x64.Build.0 = Release|Any CPU
		{DAA676B5-7E13-4678-841F-1919BAD58DCF}.Release|x86.ActiveCfg = Release|Any CPU
		{DAA676B5-7E13-4678-841F-1919BAD58DCF}.Release|x86.Build.0 = Release|Any CPU
		{FD73B8B3-5000-4E7C-9524-761CDC6F4BB8}.Debug|Any CPU.ActiveCfg = Debug|Any CPU
		{FD73B8B3-5000-4E7C-9524-761CDC6F4BB8}.Debug|Any CPU.Build.0 = Debug|Any CPU
		{FD73B8B3-5000-4E7C-9524-761CDC6F4BB8}.Debug|x64.ActiveCfg = Debug|Any CPU
		{FD73B8B3-5000-4E7C-9524-761CDC6F4BB8}.Debug|x64.Build.0 = Debug|Any CPU
		{FD73B8B3-5000-4E7C-9524-761CDC6F4BB8}.Debug|x86.ActiveCfg = Debug|Any CPU
		{FD73B8B3-5000-4E7C-9524-761CDC6F4BB8}.Debug|x86.Build.0 = Debug|Any CPU
		{FD73B8B3-5000-4E7C-9524-761CDC6F4BB8}.Release|Any CPU.ActiveCfg = Release|Any CPU
		{FD73B8B3-5000-4E7C-9524-761CDC6F4BB8}.Release|Any CPU.Build.0 = Release|Any CPU
		{FD73B8B3-5000-4E7C-9524-761CDC6F4BB8}.Release|x64.ActiveCfg = Release|Any CPU
		{FD73B8B3-5000-4E7C-9524-761CDC6F4BB8}.Release|x64.Build.0 = Release|Any CPU
		{FD73B8B3-5000-4E7C-9524-761CDC6F4BB8}.Release|x86.ActiveCfg = Release|Any CPU
		{FD73B8B3-5000-4E7C-9524-761CDC6F4BB8}.Release|x86.Build.0 = Release|Any CPU
		{9A150B0C-4F75-461C-A0F6-D608E1048042}.Debug|Any CPU.ActiveCfg = Debug|Any CPU
		{9A150B0C-4F75-461C-A0F6-D608E1048042}.Debug|Any CPU.Build.0 = Debug|Any CPU
		{9A150B0C-4F75-461C-A0F6-D608E1048042}.Debug|x64.ActiveCfg = Debug|Any CPU
		{9A150B0C-4F75-461C-A0F6-D608E1048042}.Debug|x64.Build.0 = Debug|Any CPU
		{9A150B0C-4F75-461C-A0F6-D608E1048042}.Debug|x86.ActiveCfg = Debug|Any CPU
		{9A150B0C-4F75-461C-A0F6-D608E1048042}.Debug|x86.Build.0 = Debug|Any CPU
		{9A150B0C-4F75-461C-A0F6-D608E1048042}.Release|Any CPU.ActiveCfg = Release|Any CPU
		{9A150B0C-4F75-461C-A0F6-D608E1048042}.Release|Any CPU.Build.0 = Release|Any CPU
		{9A150B0C-4F75-461C-A0F6-D608E1048042}.Release|x64.ActiveCfg = Release|Any CPU
		{9A150B0C-4F75-461C-A0F6-D608E1048042}.Release|x64.Build.0 = Release|Any CPU
		{9A150B0C-4F75-461C-A0F6-D608E1048042}.Release|x86.ActiveCfg = Release|Any CPU
		{9A150B0C-4F75-461C-A0F6-D608E1048042}.Release|x86.Build.0 = Release|Any CPU
		{3B36BAD2-C4E6-4668-B0A4-100C8474F2B8}.Debug|Any CPU.ActiveCfg = Debug|Any CPU
		{3B36BAD2-C4E6-4668-B0A4-100C8474F2B8}.Debug|Any CPU.Build.0 = Debug|Any CPU
		{3B36BAD2-C4E6-4668-B0A4-100C8474F2B8}.Debug|x64.ActiveCfg = Debug|Any CPU
		{3B36BAD2-C4E6-4668-B0A4-100C8474F2B8}.Debug|x64.Build.0 = Debug|Any CPU
		{3B36BAD2-C4E6-4668-B0A4-100C8474F2B8}.Debug|x86.ActiveCfg = Debug|Any CPU
		{3B36BAD2-C4E6-4668-B0A4-100C8474F2B8}.Debug|x86.Build.0 = Debug|Any CPU
		{3B36BAD2-C4E6-4668-B0A4-100C8474F2B8}.Release|Any CPU.ActiveCfg = Release|Any CPU
		{3B36BAD2-C4E6-4668-B0A4-100C8474F2B8}.Release|Any CPU.Build.0 = Release|Any CPU
		{3B36BAD2-C4E6-4668-B0A4-100C8474F2B8}.Release|x64.ActiveCfg = Release|Any CPU
		{3B36BAD2-C4E6-4668-B0A4-100C8474F2B8}.Release|x64.Build.0 = Release|Any CPU
		{3B36BAD2-C4E6-4668-B0A4-100C8474F2B8}.Release|x86.ActiveCfg = Release|Any CPU
		{3B36BAD2-C4E6-4668-B0A4-100C8474F2B8}.Release|x86.Build.0 = Release|Any CPU
		{93047259-B207-4EF2-A7CA-6F7DA85FA19D}.Debug|Any CPU.ActiveCfg = Debug|Any CPU
		{93047259-B207-4EF2-A7CA-6F7DA85FA19D}.Debug|Any CPU.Build.0 = Debug|Any CPU
		{93047259-B207-4EF2-A7CA-6F7DA85FA19D}.Debug|x64.ActiveCfg = Debug|Any CPU
		{93047259-B207-4EF2-A7CA-6F7DA85FA19D}.Debug|x64.Build.0 = Debug|Any CPU
		{93047259-B207-4EF2-A7CA-6F7DA85FA19D}.Debug|x86.ActiveCfg = Debug|Any CPU
		{93047259-B207-4EF2-A7CA-6F7DA85FA19D}.Debug|x86.Build.0 = Debug|Any CPU
		{93047259-B207-4EF2-A7CA-6F7DA85FA19D}.Release|Any CPU.ActiveCfg = Release|Any CPU
		{93047259-B207-4EF2-A7CA-6F7DA85FA19D}.Release|Any CPU.Build.0 = Release|Any CPU
		{93047259-B207-4EF2-A7CA-6F7DA85FA19D}.Release|x64.ActiveCfg = Release|Any CPU
		{93047259-B207-4EF2-A7CA-6F7DA85FA19D}.Release|x64.Build.0 = Release|Any CPU
		{93047259-B207-4EF2-A7CA-6F7DA85FA19D}.Release|x86.ActiveCfg = Release|Any CPU
		{93047259-B207-4EF2-A7CA-6F7DA85FA19D}.Release|x86.Build.0 = Release|Any CPU
		{337A431C-BAB7-4692-955F-A647188CC19C}.Debug|Any CPU.ActiveCfg = Debug|Any CPU
		{337A431C-BAB7-4692-955F-A647188CC19C}.Debug|Any CPU.Build.0 = Debug|Any CPU
		{337A431C-BAB7-4692-955F-A647188CC19C}.Debug|x64.ActiveCfg = Debug|Any CPU
		{337A431C-BAB7-4692-955F-A647188CC19C}.Debug|x64.Build.0 = Debug|Any CPU
		{337A431C-BAB7-4692-955F-A647188CC19C}.Debug|x86.ActiveCfg = Debug|Any CPU
		{337A431C-BAB7-4692-955F-A647188CC19C}.Debug|x86.Build.0 = Debug|Any CPU
		{337A431C-BAB7-4692-955F-A647188CC19C}.Release|Any CPU.ActiveCfg = Release|Any CPU
		{337A431C-BAB7-4692-955F-A647188CC19C}.Release|Any CPU.Build.0 = Release|Any CPU
		{337A431C-BAB7-4692-955F-A647188CC19C}.Release|x64.ActiveCfg = Release|Any CPU
		{337A431C-BAB7-4692-955F-A647188CC19C}.Release|x64.Build.0 = Release|Any CPU
		{337A431C-BAB7-4692-955F-A647188CC19C}.Release|x86.ActiveCfg = Release|Any CPU
		{337A431C-BAB7-4692-955F-A647188CC19C}.Release|x86.Build.0 = Release|Any CPU
		{99A44C8E-BDF6-4D03-9D77-E2322FD4DB2F}.Debug|Any CPU.ActiveCfg = Debug|Any CPU
		{99A44C8E-BDF6-4D03-9D77-E2322FD4DB2F}.Debug|Any CPU.Build.0 = Debug|Any CPU
		{99A44C8E-BDF6-4D03-9D77-E2322FD4DB2F}.Debug|x64.ActiveCfg = Debug|Any CPU
		{99A44C8E-BDF6-4D03-9D77-E2322FD4DB2F}.Debug|x64.Build.0 = Debug|Any CPU
		{99A44C8E-BDF6-4D03-9D77-E2322FD4DB2F}.Debug|x86.ActiveCfg = Debug|Any CPU
		{99A44C8E-BDF6-4D03-9D77-E2322FD4DB2F}.Debug|x86.Build.0 = Debug|Any CPU
		{99A44C8E-BDF6-4D03-9D77-E2322FD4DB2F}.Release|Any CPU.ActiveCfg = Release|Any CPU
		{99A44C8E-BDF6-4D03-9D77-E2322FD4DB2F}.Release|Any CPU.Build.0 = Release|Any CPU
		{99A44C8E-BDF6-4D03-9D77-E2322FD4DB2F}.Release|x64.ActiveCfg = Release|Any CPU
		{99A44C8E-BDF6-4D03-9D77-E2322FD4DB2F}.Release|x64.Build.0 = Release|Any CPU
		{99A44C8E-BDF6-4D03-9D77-E2322FD4DB2F}.Release|x86.ActiveCfg = Release|Any CPU
		{99A44C8E-BDF6-4D03-9D77-E2322FD4DB2F}.Release|x86.Build.0 = Release|Any CPU
		{DF5AE805-658D-4509-BF54-DD7FA06BE7B0}.Debug|Any CPU.ActiveCfg = Debug|Any CPU
		{DF5AE805-658D-4509-BF54-DD7FA06BE7B0}.Debug|Any CPU.Build.0 = Debug|Any CPU
		{DF5AE805-658D-4509-BF54-DD7FA06BE7B0}.Debug|x64.ActiveCfg = Debug|Any CPU
		{DF5AE805-658D-4509-BF54-DD7FA06BE7B0}.Debug|x64.Build.0 = Debug|Any CPU
		{DF5AE805-658D-4509-BF54-DD7FA06BE7B0}.Debug|x86.ActiveCfg = Debug|Any CPU
		{DF5AE805-658D-4509-BF54-DD7FA06BE7B0}.Debug|x86.Build.0 = Debug|Any CPU
		{DF5AE805-658D-4509-BF54-DD7FA06BE7B0}.Release|Any CPU.ActiveCfg = Release|Any CPU
		{DF5AE805-658D-4509-BF54-DD7FA06BE7B0}.Release|Any CPU.Build.0 = Release|Any CPU
		{DF5AE805-658D-4509-BF54-DD7FA06BE7B0}.Release|x64.ActiveCfg = Release|Any CPU
		{DF5AE805-658D-4509-BF54-DD7FA06BE7B0}.Release|x64.Build.0 = Release|Any CPU
		{DF5AE805-658D-4509-BF54-DD7FA06BE7B0}.Release|x86.ActiveCfg = Release|Any CPU
		{DF5AE805-658D-4509-BF54-DD7FA06BE7B0}.Release|x86.Build.0 = Release|Any CPU
	EndGlobalSection
	GlobalSection(SolutionProperties) = preSolution
		HideSolutionNode = FALSE
	EndGlobalSection
	GlobalSection(NestedProjects) = preSolution
		{DAA676B5-7E13-4678-841F-1919BAD58DCF} = {827E0CD3-B72D-47B6-A68D-7590B98EB39B}
		{FD73B8B3-5000-4E7C-9524-761CDC6F4BB8} = {827E0CD3-B72D-47B6-A68D-7590B98EB39B}
		{9A150B0C-4F75-461C-A0F6-D608E1048042} = {827E0CD3-B72D-47B6-A68D-7590B98EB39B}
		{3B36BAD2-C4E6-4668-B0A4-100C8474F2B8} = {827E0CD3-B72D-47B6-A68D-7590B98EB39B}
		{93047259-B207-4EF2-A7CA-6F7DA85FA19D} = {827E0CD3-B72D-47B6-A68D-7590B98EB39B}
		{337A431C-BAB7-4692-955F-A647188CC19C} = {827E0CD3-B72D-47B6-A68D-7590B98EB39B}
		{99A44C8E-BDF6-4D03-9D77-E2322FD4DB2F} = {FE15B344-0E1E-497E-AA0D-043A67B25107}
		{DF5AE805-658D-4509-BF54-DD7FA06BE7B0} = {827E0CD3-B72D-47B6-A68D-7590B98EB39B}
	EndGlobalSection
	GlobalSection(ExtensibilityGlobals) = postSolution
		SolutionGuid = {72ACCB6F-0691-44E2-8BBB-6399673F21A7}
	EndGlobalSection
EndGlobal
